
Microsoft Visual Studio Solution File, Format Version 12.00
Project("{FAE04EC0-301F-11D3-BF4B-00C04F79EFBC}") = "PlayerManager3", "PlayerManager3\PlayerManager3.csproj", "{8137D0D1-FB5A-4A68-850A-449E42BDAF9F}"
EndProject
Project("{FAE04EC0-301F-11D3-BF4B-00C04F79EFBC}") = "PlayerManager4", "PlayerManager4\PlayerManager4.csproj", "{9521C7C0-C4BC-4679-B7C4-04662257CB43}"
EndProject
Project("{FAE04EC0-301F-11D3-BF4B-00C04F79EFBC}") = "LootSort", "LootSort\LootSort.csproj", "{337D4152-A46E-437E-A2A2-84349BCB7ACF}"
EndProject
Global
	GlobalSection(SolutionConfigurationPlatforms) = preSolution
		Debug|Any CPU = Debug|Any CPU
		Release|Any CPU = Release|Any CPU
	EndGlobalSection
	GlobalSection(ProjectConfigurationPlatforms) = postSolution
		{8137D0D1-FB5A-4A68-850A-449E42BDAF9F}.Debug|Any CPU.ActiveCfg = Debug|Any CPU
		{8137D0D1-FB5A-4A68-850A-449E42BDAF9F}.Debug|Any CPU.Build.0 = Debug|Any CPU
		{8137D0D1-FB5A-4A68-850A-449E42BDAF9F}.Release|Any CPU.ActiveCfg = Release|Any CPU
		{8137D0D1-FB5A-4A68-850A-449E42BDAF9F}.Release|Any CPU.Build.0 = Release|Any CPU
		{9521C7C0-C4BC-4679-B7C4-04662257CB43}.Debug|Any CPU.ActiveCfg = Debug|Any CPU
		{9521C7C0-C4BC-4679-B7C4-04662257CB43}.Debug|Any CPU.Build.0 = Debug|Any CPU
		{9521C7C0-C4BC-4679-B7C4-04662257CB43}.Release|Any CPU.ActiveCfg = Release|Any CPU
		{9521C7C0-C4BC-4679-B7C4-04662257CB43}.Release|Any CPU.Build.0 = Release|Any CPU
		{337D4152-A46E-437E-A2A2-84349BCB7ACF}.Debug|Any CPU.ActiveCfg = Debug|Any CPU
		{337D4152-A46E-437E-A2A2-84349BCB7ACF}.Debug|Any CPU.Build.0 = Debug|Any CPU
		{337D4152-A46E-437E-A2A2-84349BCB7ACF}.Release|Any CPU.ActiveCfg = Release|Any CPU
		{337D4152-A46E-437E-A2A2-84349BCB7ACF}.Release|Any CPU.Build.0 = Release|Any CPU
	EndGlobalSection
EndGlobal
